
Microsoft Visual Studio Solution File, Format Version 12.00
# Visual Studio Version 16
VisualStudioVersion = 16.0.31205.134
MinimumVisualStudioVersion = 10.0.40219.1
Project("{FAE04EC0-301F-11D3-BF4B-00C04F79EFBC}") = "baek1964", "baek1964\baek1964.csproj", "{915CC36D-5A22-4137-A224-31CB7945B39D}"
EndProject
Global
	GlobalSection(SolutionConfigurationPlatforms) = preSolution
		Debug|Any CPU = Debug|Any CPU
		Release|Any CPU = Release|Any CPU
	EndGlobalSection
	GlobalSection(ProjectConfigurationPlatforms) = postSolution
		{915CC36D-5A22-4137-A224-31CB7945B39D}.Debug|Any CPU.ActiveCfg = Debug|Any CPU
		{915CC36D-5A22-4137-A224-31CB7945B39D}.Debug|Any CPU.Build.0 = Debug|Any CPU
		{915CC36D-5A22-4137-A224-31CB7945B39D}.Release|Any CPU.ActiveCfg = Release|Any CPU
		{915CC36D-5A22-4137-A224-31CB7945B39D}.Release|Any CPU.Build.0 = Release|Any CPU
	EndGlobalSection
	GlobalSection(SolutionProperties) = preSolution
		HideSolutionNode = FALSE
	EndGlobalSection
	GlobalSection(ExtensibilityGlobals) = postSolution
		SolutionGuid = {8FAC1F3B-51CD-43B5-B52D-8AF1FE9B7BE2}
	EndGlobalSection
EndGlobal
