
Microsoft Visual Studio Solution File, Format Version 12.00
# Visual Studio Version 16
VisualStudioVersion = 16.0.31205.134
MinimumVisualStudioVersion = 10.0.40219.1
Project("{FAE04EC0-301F-11D3-BF4B-00C04F79EFBC}") = "baek10870(2)", "baek10870(2)\baek10870(2).csproj", "{EA6C0305-9DAA-43D2-B837-B4B0C1FB849F}"
EndProject
Global
	GlobalSection(SolutionConfigurationPlatforms) = preSolution
		Debug|Any CPU = Debug|Any CPU
		Release|Any CPU = Release|Any CPU
	EndGlobalSection
	GlobalSection(ProjectConfigurationPlatforms) = postSolution
		{EA6C0305-9DAA-43D2-B837-B4B0C1FB849F}.Debug|Any CPU.ActiveCfg = Debug|Any CPU
		{EA6C0305-9DAA-43D2-B837-B4B0C1FB849F}.Debug|Any CPU.Build.0 = Debug|Any CPU
		{EA6C0305-9DAA-43D2-B837-B4B0C1FB849F}.Release|Any CPU.ActiveCfg = Release|Any CPU
		{EA6C0305-9DAA-43D2-B837-B4B0C1FB849F}.Release|Any CPU.Build.0 = Release|Any CPU
	EndGlobalSection
	GlobalSection(SolutionProperties) = preSolution
		HideSolutionNode = FALSE
	EndGlobalSection
	GlobalSection(ExtensibilityGlobals) = postSolution
		SolutionGuid = {77F28B09-FE03-4649-BDC4-4C6BE73814A6}
	EndGlobalSection
EndGlobal
