
Microsoft Visual Studio Solution File, Format Version 12.00
# Visual Studio Version 16
VisualStudioVersion = 16.0.31205.134
MinimumVisualStudioVersion = 10.0.40219.1
Project("{FAE04EC0-301F-11D3-BF4B-00C04F79EFBC}") = "baek8958", "baek8958\baek8958.csproj", "{6BB51A1D-73BD-442D-9B2F-1F39C90FB150}"
EndProject
Global
	GlobalSection(SolutionConfigurationPlatforms) = preSolution
		Debug|Any CPU = Debug|Any CPU
		Release|Any CPU = Release|Any CPU
	EndGlobalSection
	GlobalSection(ProjectConfigurationPlatforms) = postSolution
		{6BB51A1D-73BD-442D-9B2F-1F39C90FB150}.Debug|Any CPU.ActiveCfg = Debug|Any CPU
		{6BB51A1D-73BD-442D-9B2F-1F39C90FB150}.Debug|Any CPU.Build.0 = Debug|Any CPU
		{6BB51A1D-73BD-442D-9B2F-1F39C90FB150}.Release|Any CPU.ActiveCfg = Release|Any CPU
		{6BB51A1D-73BD-442D-9B2F-1F39C90FB150}.Release|Any CPU.Build.0 = Release|Any CPU
	EndGlobalSection
	GlobalSection(SolutionProperties) = preSolution
		HideSolutionNode = FALSE
	EndGlobalSection
	GlobalSection(ExtensibilityGlobals) = postSolution
		SolutionGuid = {7DA886A9-568B-4C01-BA93-B2BA2FA33195}
	EndGlobalSection
EndGlobal
