
Microsoft Visual Studio Solution File, Format Version 12.00
# Visual Studio Version 16
VisualStudioVersion = 16.0.31205.134
MinimumVisualStudioVersion = 10.0.40219.1
Project("{FAE04EC0-301F-11D3-BF4B-00C04F79EFBC}") = "baek1252", "baek1252\baek1252.csproj", "{35DEB699-439C-4C43-BA52-6E4F0088E7A9}"
EndProject
Global
	GlobalSection(SolutionConfigurationPlatforms) = preSolution
		Debug|Any CPU = Debug|Any CPU
		Release|Any CPU = Release|Any CPU
	EndGlobalSection
	GlobalSection(ProjectConfigurationPlatforms) = postSolution
		{35DEB699-439C-4C43-BA52-6E4F0088E7A9}.Debug|Any CPU.ActiveCfg = Debug|Any CPU
		{35DEB699-439C-4C43-BA52-6E4F0088E7A9}.Debug|Any CPU.Build.0 = Debug|Any CPU
		{35DEB699-439C-4C43-BA52-6E4F0088E7A9}.Release|Any CPU.ActiveCfg = Release|Any CPU
		{35DEB699-439C-4C43-BA52-6E4F0088E7A9}.Release|Any CPU.Build.0 = Release|Any CPU
	EndGlobalSection
	GlobalSection(SolutionProperties) = preSolution
		HideSolutionNode = FALSE
	EndGlobalSection
	GlobalSection(ExtensibilityGlobals) = postSolution
		SolutionGuid = {E8CCC935-586B-45F5-B450-00471661F996}
	EndGlobalSection
EndGlobal
