
Microsoft Visual Studio Solution File, Format Version 12.00
# Visual Studio Version 16
VisualStudioVersion = 16.0.31205.134
MinimumVisualStudioVersion = 10.0.40219.1
Project("{FAE04EC0-301F-11D3-BF4B-00C04F79EFBC}") = "baek1173", "baek1173\baek1173.csproj", "{CA7B2519-94A5-4A58-A9F4-502195A6BE5E}"
EndProject
Global
	GlobalSection(SolutionConfigurationPlatforms) = preSolution
		Debug|Any CPU = Debug|Any CPU
		Release|Any CPU = Release|Any CPU
	EndGlobalSection
	GlobalSection(ProjectConfigurationPlatforms) = postSolution
		{CA7B2519-94A5-4A58-A9F4-502195A6BE5E}.Debug|Any CPU.ActiveCfg = Debug|Any CPU
		{CA7B2519-94A5-4A58-A9F4-502195A6BE5E}.Debug|Any CPU.Build.0 = Debug|Any CPU
		{CA7B2519-94A5-4A58-A9F4-502195A6BE5E}.Release|Any CPU.ActiveCfg = Release|Any CPU
		{CA7B2519-94A5-4A58-A9F4-502195A6BE5E}.Release|Any CPU.Build.0 = Release|Any CPU
	EndGlobalSection
	GlobalSection(SolutionProperties) = preSolution
		HideSolutionNode = FALSE
	EndGlobalSection
	GlobalSection(ExtensibilityGlobals) = postSolution
		SolutionGuid = {AB85F6F5-FF9E-46EB-B3F8-E88D2E2CA7C4}
	EndGlobalSection
EndGlobal
