
Microsoft Visual Studio Solution File, Format Version 12.00
# Visual Studio Version 16
VisualStudioVersion = 16.0.31205.134
MinimumVisualStudioVersion = 10.0.40219.1
Project("{FAE04EC0-301F-11D3-BF4B-00C04F79EFBC}") = "baek2292", "baek2292\baek2292.csproj", "{F83D63DF-F551-459B-A921-E6DAAF5E99E0}"
EndProject
Global
	GlobalSection(SolutionConfigurationPlatforms) = preSolution
		Debug|Any CPU = Debug|Any CPU
		Release|Any CPU = Release|Any CPU
	EndGlobalSection
	GlobalSection(ProjectConfigurationPlatforms) = postSolution
		{F83D63DF-F551-459B-A921-E6DAAF5E99E0}.Debug|Any CPU.ActiveCfg = Debug|Any CPU
		{F83D63DF-F551-459B-A921-E6DAAF5E99E0}.Debug|Any CPU.Build.0 = Debug|Any CPU
		{F83D63DF-F551-459B-A921-E6DAAF5E99E0}.Release|Any CPU.ActiveCfg = Release|Any CPU
		{F83D63DF-F551-459B-A921-E6DAAF5E99E0}.Release|Any CPU.Build.0 = Release|Any CPU
	EndGlobalSection
	GlobalSection(SolutionProperties) = preSolution
		HideSolutionNode = FALSE
	EndGlobalSection
	GlobalSection(ExtensibilityGlobals) = postSolution
		SolutionGuid = {1A31E9A2-B826-4909-861D-C15D8BB26688}
	EndGlobalSection
EndGlobal
