
Microsoft Visual Studio Solution File, Format Version 12.00
# Visual Studio Version 16
VisualStudioVersion = 16.0.31205.134
MinimumVisualStudioVersion = 10.0.40219.1
Project("{FAE04EC0-301F-11D3-BF4B-00C04F79EFBC}") = "baek3009", "baek3009\baek3009.csproj", "{C570EF7F-CE86-4CAC-9861-C3BB06CE355B}"
EndProject
Global
	GlobalSection(SolutionConfigurationPlatforms) = preSolution
		Debug|Any CPU = Debug|Any CPU
		Release|Any CPU = Release|Any CPU
	EndGlobalSection
	GlobalSection(ProjectConfigurationPlatforms) = postSolution
		{C570EF7F-CE86-4CAC-9861-C3BB06CE355B}.Debug|Any CPU.ActiveCfg = Debug|Any CPU
		{C570EF7F-CE86-4CAC-9861-C3BB06CE355B}.Debug|Any CPU.Build.0 = Debug|Any CPU
		{C570EF7F-CE86-4CAC-9861-C3BB06CE355B}.Release|Any CPU.ActiveCfg = Release|Any CPU
		{C570EF7F-CE86-4CAC-9861-C3BB06CE355B}.Release|Any CPU.Build.0 = Release|Any CPU
	EndGlobalSection
	GlobalSection(SolutionProperties) = preSolution
		HideSolutionNode = FALSE
	EndGlobalSection
	GlobalSection(ExtensibilityGlobals) = postSolution
		SolutionGuid = {648F872D-4902-49BA-BEFC-4FFE2F544E87}
	EndGlobalSection
EndGlobal
