
Microsoft Visual Studio Solution File, Format Version 12.00
# Visual Studio Version 16
VisualStudioVersion = 16.0.31205.134
MinimumVisualStudioVersion = 10.0.40219.1
Project("{FAE04EC0-301F-11D3-BF4B-00C04F79EFBC}") = "codeup1905", "codeup1905\codeup1905.csproj", "{BDE156BB-4C46-4C7D-B485-BFE61B7A98A0}"
EndProject
Global
	GlobalSection(SolutionConfigurationPlatforms) = preSolution
		Debug|Any CPU = Debug|Any CPU
		Release|Any CPU = Release|Any CPU
	EndGlobalSection
	GlobalSection(ProjectConfigurationPlatforms) = postSolution
		{BDE156BB-4C46-4C7D-B485-BFE61B7A98A0}.Debug|Any CPU.ActiveCfg = Debug|Any CPU
		{BDE156BB-4C46-4C7D-B485-BFE61B7A98A0}.Debug|Any CPU.Build.0 = Debug|Any CPU
		{BDE156BB-4C46-4C7D-B485-BFE61B7A98A0}.Release|Any CPU.ActiveCfg = Release|Any CPU
		{BDE156BB-4C46-4C7D-B485-BFE61B7A98A0}.Release|Any CPU.Build.0 = Release|Any CPU
	EndGlobalSection
	GlobalSection(SolutionProperties) = preSolution
		HideSolutionNode = FALSE
	EndGlobalSection
	GlobalSection(ExtensibilityGlobals) = postSolution
		SolutionGuid = {7D10DDD9-40B4-4B3A-9D6F-14158BD4E51A}
	EndGlobalSection
EndGlobal
