
Microsoft Visual Studio Solution File, Format Version 12.00
# Visual Studio Version 16
VisualStudioVersion = 16.0.31205.134
MinimumVisualStudioVersion = 10.0.40219.1
Project("{FAE04EC0-301F-11D3-BF4B-00C04F79EFBC}") = "codeup1928", "codeup1928\codeup1928.csproj", "{8E431F37-B9DD-4F91-830A-9A6E0CDE1BEB}"
EndProject
Global
	GlobalSection(SolutionConfigurationPlatforms) = preSolution
		Debug|Any CPU = Debug|Any CPU
		Release|Any CPU = Release|Any CPU
	EndGlobalSection
	GlobalSection(ProjectConfigurationPlatforms) = postSolution
		{8E431F37-B9DD-4F91-830A-9A6E0CDE1BEB}.Debug|Any CPU.ActiveCfg = Debug|Any CPU
		{8E431F37-B9DD-4F91-830A-9A6E0CDE1BEB}.Debug|Any CPU.Build.0 = Debug|Any CPU
		{8E431F37-B9DD-4F91-830A-9A6E0CDE1BEB}.Release|Any CPU.ActiveCfg = Release|Any CPU
		{8E431F37-B9DD-4F91-830A-9A6E0CDE1BEB}.Release|Any CPU.Build.0 = Release|Any CPU
	EndGlobalSection
	GlobalSection(SolutionProperties) = preSolution
		HideSolutionNode = FALSE
	EndGlobalSection
	GlobalSection(ExtensibilityGlobals) = postSolution
		SolutionGuid = {75106407-8377-4D9A-8A8F-D18F3746AF34}
	EndGlobalSection
EndGlobal
