
Microsoft Visual Studio Solution File, Format Version 12.00
# Visual Studio Version 16
VisualStudioVersion = 16.0.31205.134
MinimumVisualStudioVersion = 10.0.40219.1
Project("{FAE04EC0-301F-11D3-BF4B-00C04F79EFBC}") = "baek5596", "baek5596\baek5596.csproj", "{C5E4DE73-9F5F-4F6B-ADCB-54C3868B7385}"
EndProject
Global
	GlobalSection(SolutionConfigurationPlatforms) = preSolution
		Debug|Any CPU = Debug|Any CPU
		Release|Any CPU = Release|Any CPU
	EndGlobalSection
	GlobalSection(ProjectConfigurationPlatforms) = postSolution
		{C5E4DE73-9F5F-4F6B-ADCB-54C3868B7385}.Debug|Any CPU.ActiveCfg = Debug|Any CPU
		{C5E4DE73-9F5F-4F6B-ADCB-54C3868B7385}.Debug|Any CPU.Build.0 = Debug|Any CPU
		{C5E4DE73-9F5F-4F6B-ADCB-54C3868B7385}.Release|Any CPU.ActiveCfg = Release|Any CPU
		{C5E4DE73-9F5F-4F6B-ADCB-54C3868B7385}.Release|Any CPU.Build.0 = Release|Any CPU
	EndGlobalSection
	GlobalSection(SolutionProperties) = preSolution
		HideSolutionNode = FALSE
	EndGlobalSection
	GlobalSection(ExtensibilityGlobals) = postSolution
		SolutionGuid = {08FA24AA-4C4D-4D75-96CA-96E0928411D7}
	EndGlobalSection
EndGlobal
