
Microsoft Visual Studio Solution File, Format Version 12.00
# Visual Studio Version 16
VisualStudioVersion = 16.0.31205.134
MinimumVisualStudioVersion = 10.0.40219.1
Project("{FAE04EC0-301F-11D3-BF4B-00C04F79EFBC}") = "baek1297", "baek1297\baek1297.csproj", "{58AC25F4-08AB-496A-A0F6-318FCED0FCD6}"
EndProject
Global
	GlobalSection(SolutionConfigurationPlatforms) = preSolution
		Debug|Any CPU = Debug|Any CPU
		Release|Any CPU = Release|Any CPU
	EndGlobalSection
	GlobalSection(ProjectConfigurationPlatforms) = postSolution
		{58AC25F4-08AB-496A-A0F6-318FCED0FCD6}.Debug|Any CPU.ActiveCfg = Debug|Any CPU
		{58AC25F4-08AB-496A-A0F6-318FCED0FCD6}.Debug|Any CPU.Build.0 = Debug|Any CPU
		{58AC25F4-08AB-496A-A0F6-318FCED0FCD6}.Release|Any CPU.ActiveCfg = Release|Any CPU
		{58AC25F4-08AB-496A-A0F6-318FCED0FCD6}.Release|Any CPU.Build.0 = Release|Any CPU
	EndGlobalSection
	GlobalSection(SolutionProperties) = preSolution
		HideSolutionNode = FALSE
	EndGlobalSection
	GlobalSection(ExtensibilityGlobals) = postSolution
		SolutionGuid = {A2729B61-0CAF-4D1A-9481-031B89BD9A39}
	EndGlobalSection
EndGlobal
